// !$*UTF8*$!
{
	archiveVersion = 1;
	classes = {
	};
	objectVersion = 50;
	objects = {

/* Begin PBXBuildFile section */
		61B9291F217C9BBA001E6101 /* AppDelegate.swift in Sources */ = {isa = PBXBuildFile; fileRef = 61B9291E217C9BBA001E6101 /* AppDelegate.swift */; };
		61B92921217C9BBA001E6101 /* EmojiArtViewController.swift in Sources */ = {isa = PBXBuildFile; fileRef = 61B92920217C9BBA001E6101 /* EmojiArtViewController.swift */; };
		61B92924217C9BBA001E6101 /* Main.storyboard in Resources */ = {isa = PBXBuildFile; fileRef = 61B92922217C9BBA001E6101 /* Main.storyboard */; };
		61B92926217C9BBE001E6101 /* Assets.xcassets in Resources */ = {isa = PBXBuildFile; fileRef = 61B92925217C9BBE001E6101 /* Assets.xcassets */; };
		61B92929217C9BBE001E6101 /* LaunchScreen.storyboard in Resources */ = {isa = PBXBuildFile; fileRef = 61B92927217C9BBE001E6101 /* LaunchScreen.storyboard */; };
		61B92932217C9E69001E6101 /* EmojiArtView.swift in Sources */ = {isa = PBXBuildFile; fileRef = 61B92931217C9E69001E6101 /* EmojiArtView.swift */; };
		61B92934217CA217001E6101 /* Utilities.swift in Sources */ = {isa = PBXBuildFile; fileRef = 61B92933217CA217001E6101 /* Utilities.swift */; };
		61B92937217CAFAF001E6101 /* DocumentsTableViewController.swift in Sources */ = {isa = PBXBuildFile; fileRef = 61B92936217CAFAF001E6101 /* DocumentsTableViewController.swift */; };
		61B92939217CC977001E6101 /* EmojiCollectionViewCell.swift in Sources */ = {isa = PBXBuildFile; fileRef = 61B92938217CC977001E6101 /* EmojiCollectionViewCell.swift */; };
		61B9293B217CF4B6001E6101 /* EmojiArtView+Gestures.swift in Sources */ = {isa = PBXBuildFile; fileRef = 61B9293A217CF4B5001E6101 /* EmojiArtView+Gestures.swift */; };
/* End PBXBuildFile section */

/* Begin PBXFileReference section */
		61B9291B217C9BBA001E6101 /* Sketch.app */ = {isa = PBXFileReference; explicitFileType = wrapper.application; includeInIndex = 0; path = Sketch.app; sourceTree = BUILT_PRODUCTS_DIR; };
		61B9291E217C9BBA001E6101 /* AppDelegate.swift */ = {isa = PBXFileReference; lastKnownFileType = sourcecode.swift; path = AppDelegate.swift; sourceTree = "<group>"; };
		61B92920217C9BBA001E6101 /* EmojiArtViewController.swift */ = {isa = PBXFileReference; lastKnownFileType = sourcecode.swift; path = EmojiArtViewController.swift; sourceTree = "<group>"; };
		61B92923217C9BBA001E6101 /* Base */ = {isa = PBXFileReference; lastKnownFileType = file.storyboard; name = Base; path = Base.lproj/Main.storyboard; sourceTree = "<group>"; };
		61B92925217C9BBE001E6101 /* Assets.xcassets */ = {isa = PBXFileReference; lastKnownFileType = folder.assetcatalog; path = Assets.xcassets; sourceTree = "<group>"; };
		61B92928217C9BBE001E6101 /* Base */ = {isa = PBXFileReference; lastKnownFileType = file.storyboard; name = Base; path = Base.lproj/LaunchScreen.storyboard; sourceTree = "<group>"; };
		61B9292A217C9BBE001E6101 /* Info.plist */ = {isa = PBXFileReference; lastKnownFileType = text.plist.xml; path = Info.plist; sourceTree = "<group>"; };
		61B92931217C9E69001E6101 /* EmojiArtView.swift */ = {isa = PBXFileReference; lastKnownFileType = sourcecode.swift; path = EmojiArtView.swift; sourceTree = "<group>"; };
		61B92933217CA217001E6101 /* Utilities.swift */ = {isa = PBXFileReference; fileEncoding = 4; lastKnownFileType = sourcecode.swift; path = Utilities.swift; sourceTree = "<group>"; };
		61B92936217CAFAF001E6101 /* DocumentsTableViewController.swift */ = {isa = PBXFileReference; lastKnownFileType = sourcecode.swift; path = DocumentsTableViewController.swift; sourceTree = "<group>"; };
		61B92938217CC977001E6101 /* EmojiCollectionViewCell.swift */ = {isa = PBXFileReference; lastKnownFileType = sourcecode.swift; path = EmojiCollectionViewCell.swift; sourceTree = "<group>"; };
		61B9293A217CF4B5001E6101 /* EmojiArtView+Gestures.swift */ = {isa = PBXFileReference; fileEncoding = 4; lastKnownFileType = sourcecode.swift; path = "EmojiArtView+Gestures.swift"; sourceTree = "<group>"; };
/* End PBXFileReference section */

/* Begin PBXFrameworksBuildPhase section */
		61B92918217C9BBA001E6101 /* Frameworks */ = {
			isa = PBXFrameworksBuildPhase;
			buildActionMask = 2147483647;
			files = (
			);
			runOnlyForDeploymentPostprocessing = 0;
		};
/* End PBXFrameworksBuildPhase section */

/* Begin PBXGroup section */
		61B92912217C9BBA001E6101 = {
			isa = PBXGroup;
			children = (
				61B9291D217C9BBA001E6101 /* Sketch */,
				61B9291C217C9BBA001E6101 /* Products */,
			);
			sourceTree = "<group>";
		};
		61B9291C217C9BBA001E6101 /* Products */ = {
			isa = PBXGroup;
			children = (
				61B9291B217C9BBA001E6101 /* Sketch.app */,
			);
			name = Products;
			sourceTree = "<group>";
		};
		61B9291D217C9BBA001E6101 /* Sketch */ = {
			isa = PBXGroup;
			children = (
				61B92922217C9BBA001E6101 /* Main.storyboard */,
				61B92936217CAFAF001E6101 /* DocumentsTableViewController.swift */,
				61B92920217C9BBA001E6101 /* EmojiArtViewController.swift */,
				61B92938217CC977001E6101 /* EmojiCollectionViewCell.swift */,
				61B92931217C9E69001E6101 /* EmojiArtView.swift */,
				61B9293A217CF4B5001E6101 /* EmojiArtView+Gestures.swift */,
				61B92935217CA234001E6101 /* Supporting Files */,
				61B92930217C9BF4001E6101 /* App */,
				61B9292A217C9BBE001E6101 /* Info.plist */,
			);
			path = Sketch;
			sourceTree = "<group>";
		};
		61B92930217C9BF4001E6101 /* App */ = {
			isa = PBXGroup;
			children = (
				61B92927217C9BBE001E6101 /* LaunchScreen.storyboard */,
				61B9291E217C9BBA001E6101 /* AppDelegate.swift */,
				61B92925217C9BBE001E6101 /* Assets.xcassets */,
			);
			path = App;
			sourceTree = "<group>";
		};
		61B92935217CA234001E6101 /* Supporting Files */ = {
			isa = PBXGroup;
			children = (
				61B92933217CA217001E6101 /* Utilities.swift */,
			);
			path = "Supporting Files";
			sourceTree = "<group>";
		};
/* End PBXGroup section */

/* Begin PBXNativeTarget section */
		61B9291A217C9BBA001E6101 /* Sketch */ = {
			isa = PBXNativeTarget;
			buildConfigurationList = 61B9292D217C9BBE001E6101 /* Build configuration list for PBXNativeTarget "Sketch" */;
			buildPhases = (
				61B92917217C9BBA001E6101 /* Sources */,
				61B92918217C9BBA001E6101 /* Frameworks */,
				61B92919217C9BBA001E6101 /* Resources */,
			);
			buildRules = (
			);
			dependencies = (
			);
			name = Sketch;
			productName = Sketch;
			productReference = 61B9291B217C9BBA001E6101 /* Sketch.app */;
			productType = "com.apple.product-type.application";
		};
/* End PBXNativeTarget section */

/* Begin PBXProject section */
		61B92913217C9BBA001E6101 /* Project object */ = {
			isa = PBXProject;
			attributes = {
				LastSwiftUpdateCheck = 0940;
				LastUpgradeCheck = 0940;
				ORGANIZATIONNAME = "Mostafa AbdEl Fatah";
				TargetAttributes = {
					61B9291A217C9BBA001E6101 = {
						CreatedOnToolsVersion = 9.4.1;
					};
				};
			};
			buildConfigurationList = 61B92916217C9BBA001E6101 /* Build configuration list for PBXProject "Sketch" */;
			compatibilityVersion = "Xcode 9.3";
			developmentRegion = en;
			hasScannedForEncodings = 0;
			knownRegions = (
				en,
				Base,
			);
			mainGroup = 61B92912217C9BBA001E6101;
			productRefGroup = 61B9291C217C9BBA001E6101 /* Products */;
			projectDirPath = "";
			projectRoot = "";
			targets = (
				61B9291A217C9BBA001E6101 /* Sketch */,
			);
		};
/* End PBXProject section */

/* Begin PBXResourcesBuildPhase section */
		61B92919217C9BBA001E6101 /* Resources */ = {
			isa = PBXResourcesBuildPhase;
			buildActionMask = 2147483647;
			files = (
				61B92929217C9BBE001E6101 /* LaunchScreen.storyboard in Resources */,
				61B92926217C9BBE001E6101 /* Assets.xcassets in Resources */,
				61B92924217C9BBA001E6101 /* Main.storyboard in Resources */,
			);
			runOnlyForDeploymentPostprocessing = 0;
		};
/* End PBXResourcesBuildPhase section */

/* Begin PBXSourcesBuildPhase section */
		61B92917217C9BBA001E6101 /* Sources */ = {
			isa = PBXSourcesBuildPhase;
			buildActionMask = 2147483647;
			files = (
				61B92921217C9BBA001E6101 /* EmojiArtViewController.swift in Sources */,
				61B9293B217CF4B6001E6101 /* EmojiArtView+Gestures.swift in Sources */,
				61B92939217CC977001E6101 /* EmojiCollectionViewCell.swift in Sources */,
				61B9291F217C9BBA001E6101 /* AppDelegate.swift in Sources */,
				61B92937217CAFAF001E6101 /* DocumentsTableViewController.swift in Sources */,
				61B92934217CA217001E6101 /* Utilities.swift in Sources */,
				61B92932217C9E69001E6101 /* EmojiArtView.swift in Sources */,
			);
			runOnlyForDeploymentPostprocessing = 0;
		};
/* End PBXSourcesBuildPhase section */

/* Begin PBXVariantGroup section */
		61B92922217C9BBA001E6101 /* Main.storyboard */ = {
			isa = PBXVariantGroup;
			children = (
				61B92923217C9BBA001E6101 /* Base */,
			);
			name = Main.storyboard;
			sourceTree = "<group>";
		};
		61B92927217C9BBE001E6101 /* LaunchScreen.storyboard */ = {
			isa = PBXVariantGroup;
			children = (
				61B92928217C9BBE001E6101 /* Base */,
			);
			name = LaunchScreen.storyboard;
			sourceTree = "<group>";
		};
/* End PBXVariantGroup section */

/* Begin XCBuildConfiguration section */
		61B9292B217C9BBE001E6101 /* Debug */ = {
			isa = XCBuildConfiguration;
			buildSettings = {
				ALWAYS_SEARCH_USER_PATHS = NO;
				CLANG_ANALYZER_NONNULL = YES;
				CLANG_ANALYZER_NUMBER_OBJECT_CONVERSION = YES_AGGRESSIVE;
				CLANG_CXX_LANGUAGE_STANDARD = "gnu++14";
				CLANG_CXX_LIBRARY = "libc++";
				CLANG_ENABLE_MODULES = YES;
				CLANG_ENABLE_OBJC_ARC = YES;
				CLANG_ENABLE_OBJC_WEAK = YES;
				CLANG_WARN_BLOCK_CAPTURE_AUTORELEASING = YES;
				CLANG_WARN_BOOL_CONVERSION = YES;
				CLANG_WARN_COMMA = YES;
				CLANG_WARN_CONSTANT_CONVERSION = YES;
				CLANG_WARN_DEPRECATED_OBJC_IMPLEMENTATIONS = YES;
				CLANG_WARN_DIRECT_OBJC_ISA_USAGE = YES_ERROR;
				CLANG_WARN_DOCUMENTATION_COMMENTS = YES;
				CLANG_WARN_EMPTY_BODY = YES;
				CLANG_WARN_ENUM_CONVERSION = YES;
				CLANG_WARN_INFINITE_RECURSION = YES;
				CLANG_WARN_INT_CONVERSION = YES;
				CLANG_WARN_NON_LITERAL_NULL_CONVERSION = YES;
				CLANG_WARN_OBJC_IMPLICIT_RETAIN_SELF = YES;
				CLANG_WARN_OBJC_LITERAL_CONVERSION = YES;
				CLANG_WARN_OBJC_ROOT_CLASS = YES_ERROR;
				CLANG_WARN_RANGE_LOOP_ANALYSIS = YES;
				CLANG_WARN_STRICT_PROTOTYPES = YES;
				CLANG_WARN_SUSPICIOUS_MOVE = YES;
				CLANG_WARN_UNGUARDED_AVAILABILITY = YES_AGGRESSIVE;
				CLANG_WARN_UNREACHABLE_CODE = YES;
				CLANG_WARN__DUPLICATE_METHOD_MATCH = YES;
				CODE_SIGN_IDENTITY = "iPhone Developer";
				COPY_PHASE_STRIP = NO;
				DEBUG_INFORMATION_FORMAT = dwarf;
				ENABLE_STRICT_OBJC_MSGSEND = YES;
				ENABLE_TESTABILITY = YES;
				GCC_C_LANGUAGE_STANDARD = gnu11;
				GCC_DYNAMIC_NO_PIC = NO;
				GCC_NO_COMMON_BLOCKS = YES;
				GCC_OPTIMIZATION_LEVEL = 0;
				GCC_PREPROCESSOR_DEFINITIONS = (
					"DEBUG=1",
					"$(inherited)",
				);
				GCC_WARN_64_TO_32_BIT_CONVERSION = YES;
				GCC_WARN_ABOUT_RETURN_TYPE = YES_ERROR;
				GCC_WARN_UNDECLARED_SELECTOR = YES;
				GCC_WARN_UNINITIALIZED_AUTOS = YES_AGGRESSIVE;
				GCC_WARN_UNUSED_FUNCTION = YES;
				GCC_WARN_UNUSED_VARIABLE = YES;
				IPHONEOS_DEPLOYMENT_TARGET = 11.4;
				MTL_ENABLE_DEBUG_INFO = YES;
				ONLY_ACTIVE_ARCH = YES;
				SDKROOT = iphoneos;
				SWIFT_ACTIVE_COMPILATION_CONDITIONS = DEBUG;
				SWIFT_OPTIMIZATION_LEVEL = "-Onone";
			};
			name = Debug;
		};
		61B9292C217C9BBE001E6101 /* Release */ = {
			isa = XCBuildConfiguration;
			buildSettings = {
				ALWAYS_SEARCH_USER_PATHS = NO;
				CLANG_ANALYZER_NONNULL = YES;
				CLANG_ANALYZER_NUMBER_OBJECT_CONVERSION = YES_AGGRESSIVE;
				CLANG_CXX_LANGUAGE_STANDARD = "gnu++14";
				CLANG_CXX_LIBRARY = "libc++";
				CLANG_ENABLE_MODULES = YES;
				CLANG_ENABLE_OBJC_ARC = YES;
				CLANG_ENABLE_OBJC_WEAK = YES;
				CLANG_WARN_BLOCK_CAPTURE_AUTORELEASING = YES;
				CLANG_WARN_BOOL_CONVERSION = YES;
				CLANG_WARN_COMMA = YES;
				CLANG_WARN_CONSTANT_CONVERSION = YES;
				CLANG_WARN_DEPRECATED_OBJC_IMPLEMENTATIONS = YES;
				CLANG_WARN_DIRECT_OBJC_ISA_USAGE = YES_ERROR;
				CLANG_WARN_DOCUMENTATION_COMMENTS = YES;
				CLANG_WARN_EMPTY_BODY = YES;
				CLANG_WARN_ENUM_CONVERSION = YES;
				CLANG_WARN_INFINITE_RECURSION = YES;
				CLANG_WARN_INT_CONVERSION = YES;
				CLANG_WARN_NON_LITERAL_NULL_CONVERSION = YES;
				CLANG_WARN_OBJC_IMPLICIT_RETAIN_SELF = YES;
				CLANG_WARN_OBJC_LITERAL_CONVERSION = YES;
				CLANG_WARN_OBJC_ROOT_CLASS = YES_ERROR;
				CLANG_WARN_RANGE_LOOP_ANALYSIS = YES;
				CLANG_WARN_STRICT_PROTOTYPES = YES;
				CLANG_WARN_SUSPICIOUS_MOVE = YES;
				CLANG_WARN_UNGUARDED_AVAILABILITY = YES_AGGRESSIVE;
				CLANG_WARN_UNREACHABLE_CODE = YES;
				CLANG_WARN__DUPLICATE_METHOD_MATCH = YES;
				CODE_SIGN_IDENTITY = "iPhone Developer";
				COPY_PHASE_STRIP = NO;
				DEBUG_INFORMATION_FORMAT = "dwarf-with-dsym";
				ENABLE_NS_ASSERTIONS = NO;
				ENABLE_STRICT_OBJC_MSGSEND = YES;
				GCC_C_LANGUAGE_STANDARD = gnu11;
				GCC_NO_COMMON_BLOCKS = YES;
				GCC_WARN_64_TO_32_BIT_CONVERSION = YES;
				GCC_WARN_ABOUT_RETURN_TYPE = YES_ERROR;
				GCC_WARN_UNDECLARED_SELECTOR = YES;
				GCC_WARN_UNINITIALIZED_AUTOS = YES_AGGRESSIVE;
				GCC_WARN_UNUSED_FUNCTION = YES;
				GCC_WARN_UNUSED_VARIABLE = YES;
				IPHONEOS_DEPLOYMENT_TARGET = 11.4;
				MTL_ENABLE_DEBUG_INFO = NO;
				SDKROOT = iphoneos;
				SWIFT_COMPILATION_MODE = wholemodule;
				SWIFT_OPTIMIZATION_LEVEL = "-O";
				VALIDATE_PRODUCT = YES;
			};
			name = Release;
		};
		61B9292E217C9BBE001E6101 /* Debug */ = {
			isa = XCBuildConfiguration;
			buildSettings = {
				ASSETCATALOG_COMPILER_APPICON_NAME = AppIcon;
				CODE_SIGN_STYLE = Automatic;
				INFOPLIST_FILE = Sketch/Info.plist;
				LD_RUNPATH_SEARCH_PATHS = (
					"$(inherited)",
					"@executable_path/Frameworks",
				);
				PRODUCT_BUNDLE_IDENTIFIER = com.mostafa.fci.test.Sketch;
				PRODUCT_NAME = "$(TARGET_NAME)";
				SWIFT_VERSION = 4.0;
				TARGETED_DEVICE_FAMILY = 2;
			};
			name = Debug;
		};
		61B9292F217C9BBE001E6101 /* Release */ = {
			isa = XCBuildConfiguration;
			buildSettings = {
				ASSETCATALOG_COMPILER_APPICON_NAME = AppIcon;
				CODE_SIGN_STYLE = Automatic;
				INFOPLIST_FILE = Sketch/Info.plist;
				LD_RUNPATH_SEARCH_PATHS = (
					"$(inherited)",
					"@executable_path/Frameworks",
				);
				PRODUCT_BUNDLE_IDENTIFIER = com.mostafa.fci.test.Sketch;
				PRODUCT_NAME = "$(TARGET_NAME)";
				SWIFT_VERSION = 4.0;
				TARGETED_DEVICE_FAMILY = 2;
			};
			name = Release;
		};
/* End XCBuildConfiguration section */

/* Begin XCConfigurationList section */
		61B92916217C9BBA001E6101 /* Build configuration list for PBXProject "Sketch" */ = {
			isa = XCConfigurationList;
			buildConfigurations = (
				61B9292B217C9BBE001E6101 /* Debug */,
				61B9292C217C9BBE001E6101 /* Release */,
			);
			defaultConfigurationIsVisible = 0;
			defaultConfigurationName = Release;
		};
		61B9292D217C9BBE001E6101 /* Build configuration list for PBXNativeTarget "Sketch" */ = {
			isa = XCConfigurationList;
			buildConfigurations = (
				61B9292E217C9BBE001E6101 /* Debug */,
				61B9292F217C9BBE001E6101 /* Release */,
			);
			defaultConfigurationIsVisible = 0;
			defaultConfigurationName = Release;
		};
/* End XCConfigurationList section */
	};
	rootObject = 61B92913217C9BBA001E6101 /* Project object */;
}
